{
  "name": "axonweb",
  "lockfileVersion": 3,
  "requires": true,
  "packages": {
    "": {
      "dependencies": {
        "cobe": "^0.6.4"
      }
    },
    "node_modules/cobe": {
      "version": "0.6.4",
      "resolved": "https://registry.npmjs.org/cobe/-/cobe-0.6.4.tgz",
      "integrity": "sha512-huuGFnDoXLy/tsCZYYa/H35BBRs9cxsS0XKJ3BXjRp699cQKuoEVrvKlAQMx0DKXG7+VUv4jsHVrS7yPbkLSkQ==",
      "dependencies": {
        "phenomenon": "^1.6.0"
      }
    },
    "node_modules/phenomenon": {
      "version": "1.6.0",
      "resolved": "https://registry.npmjs.org/phenomenon/-/phenomenon-1.6.0.tgz",
      "integrity": "sha512-7h9/fjPD3qNlgggzm88cY58l9sudZ6Ey+UmZsizfhtawO6E3srZQXywaNm2lBwT72TbpHYRPy7ytIHeBUD/G0A=="
    }
  }
}
